
Microsoft Visual Studio Solution File, Format Version 12.00
# Visual Studio Version 17
VisualStudioVersion = 17.14.36623.8
MinimumVisualStudioVersion = 10.0.40219.1
Project("{FAE04EC0-301F-11D3-BF4B-00C04F79EFBC}") = "BmiCalculator", "BmiCalculator\BmiCalculator.csproj", "{235408F5-E5DB-4CB2-BF92-924C6E41078D}"
EndProject
Project("{FAE04EC0-301F-11D3-BF4B-00C04F79EFBC}") = "CubeNotes", "CubeNotes\CubeNotes.csproj", "{823D08E7-0382-4FBF-B8D7-1206A2BEAA7C}"
EndProject
Global
	GlobalSection(SolutionConfigurationPlatforms) = preSolution
		Debug|Any CPU = Debug|Any CPU
		Release|Any CPU = Release|Any CPU
	EndGlobalSection
	GlobalSection(ProjectConfigurationPlatforms) = postSolution
		{235408F5-E5DB-4CB2-BF92-924C6E41078D}.Debug|Any CPU.ActiveCfg = Debug|Any CPU
		{235408F5-E5DB-4CB2-BF92-924C6E41078D}.Debug|Any CPU.Build.0 = Debug|Any CPU
		{235408F5-E5DB-4CB2-BF92-924C6E41078D}.Debug|Any CPU.Deploy.0 = Debug|Any CPU
		{235408F5-E5DB-4CB2-BF92-924C6E41078D}.Release|Any CPU.ActiveCfg = Release|Any CPU
		{235408F5-E5DB-4CB2-BF92-924C6E41078D}.Release|Any CPU.Build.0 = Release|Any CPU
		{823D08E7-0382-4FBF-B8D7-1206A2BEAA7C}.Debug|Any CPU.ActiveCfg = Debug|Any CPU
		{823D08E7-0382-4FBF-B8D7-1206A2BEAA7C}.Debug|Any CPU.Build.0 = Debug|Any CPU
		{823D08E7-0382-4FBF-B8D7-1206A2BEAA7C}.Release|Any CPU.ActiveCfg = Release|Any CPU
		{823D08E7-0382-4FBF-B8D7-1206A2BEAA7C}.Release|Any CPU.Build.0 = Release|Any CPU
	EndGlobalSection
	GlobalSection(SolutionProperties) = preSolution
		HideSolutionNode = FALSE
	EndGlobalSection
	GlobalSection(ExtensibilityGlobals) = postSolution
		SolutionGuid = {A2587B5B-4C9A-4748-B783-7154CF4A92AB}
	EndGlobalSection
EndGlobal
